{
    "_readme": [
        "This file locks the dependencies of your project to a known state",
        "Read more about it at https://getcomposer.org/doc/01-basic-usage.md#composer-lock-the-lock-file",
        "This file is @generated automatically"
    ],
    "content-hash": "adff09d95bbb90fc5f249dfc5739ee4c",
    "packages": [
        {
            "name": "cweiske/mime_type_plaindetect",
            "version": "v0.0.4",
            "source": {
                "type": "git",
                "url": "https://git.cweiske.de/MIME_Type_PlainDetect.git",
                "reference": "689627d646f09f451405249d089768ee6df10078"
            },
            "require": {
                "pear/mime_type": "~1.3"
            },
            "type": "library",
            "autoload": {
                "psr-0": {
                    "": "src/"
                }
            },
            "notification-url": "https://packagist.org/downloads/",
            "license": [
                "LGPL-3.0+"
            ],
            "authors": [
                {
                    "name": "Christian Weiske",
                    "email": "cweiske@cweiske.de",
                    "homepage": "http://cweiske.de/"
                }
            ],
            "description": "Detect MIME type of text files by their content",
            "homepage": "http://git.cweiske.de/MIME_Type_PlainDetect.git/",
            "time": "2015-11-06T10:54:38+00:00"
        },
        {
            "name": "geshi/geshi",
            "version": "v1.0.9.0",
            "source": {
                "type": "git",
                "url": "https://github.com/GeSHi/geshi-1.0.git",
                "reference": "5a7b461338d322d941986a656d4d1651452e73dd"
            },
            "dist": {
                "type": "zip",
                "url": "https://api.github.com/repos/GeSHi/geshi-1.0/zipball/5a7b461338d322d941986a656d4d1651452e73dd",
                "reference": "5a7b461338d322d941986a656d4d1651452e73dd",
                "shasum": ""
            },
            "require-dev": {
                "phpunit/phpunit": "^5.7"
            },
            "type": "library",
            "autoload": {
                "classmap": [
                    "src/geshi/",
                    "src/geshi.php"
                ]
            },
            "notification-url": "https://packagist.org/downloads/",
            "license": [
                "GPL-2.0+"
            ],
            "authors": [
                {
                    "name": "Benny Baumann",
                    "email": "BenBE@geshi.org",
                    "homepage": "http://blog.benny-baumann.de/",
                    "role": "Developer"
                }
            ],
            "description": "Generic Syntax Highlighter",
            "homepage": "http://qbnz.com/highlighter/",
            "time": "2017-05-05T05:51:25+00:00"
        },
        {
            "name": "hybridauth/hybridauth",
            "version": "dev-master",
            "source": {
                "type": "git",
                "url": "https://github.com/hybridauth/hybridauth.git",
                "reference": "d9b54c6a9c19253322475207576a5e732cd7426e"
            },
            "dist": {
                "type": "zip",
                "url": "https://api.github.com/repos/hybridauth/hybridauth/zipball/d9b54c6a9c19253322475207576a5e732cd7426e",
                "reference": "d9b54c6a9c19253322475207576a5e732cd7426e",
                "shasum": ""
            },
            "require": {
                "php": ">=5.4.0"
            },
            "require-dev": {
                "ext-curl": "*",
                "phpunit/phpunit": "~4.1"
            },
            "type": "library",
            "extra": {
                "branch-alias": {
                    "dev-master": "3.0-dev"
                }
            },
            "autoload": {
                "psr-4": {
                    "Hybridauth\\": "src/"
                }
            },
            "notification-url": "https://packagist.org/downloads/",
            "license": [
                "MIT"
            ],
            "authors": [
                {
                    "name": "Miled",
                    "email": "hybridauth@gmail.com"
                }
            ],
            "description": "PHP Social Authentication Library",
            "homepage": "https://hybridauth.github.io",
            "keywords": [
                "Authentication",
                "OpenId",
                "api",
                "authorization",
                "facebook",
                "google",
                "oauth",
                "social",
                "twitter"
            ],
            "time": "2017-06-14 14:29:35"
        },
        {
            "name": "hybridauth/hybridauth-patches",
            "version": "1.0.0",
            "require": {
                "hybridauth/hybridauth": "dev-master",
                "netresearch/composer-patches-plugin": "~1.0"
            },
            "type": "metapackage",
            "extra": {
                "patches": {
                    "hybridauth/hybridauth": [
                        {
                            "title": "[FEATURE] allow variable namespaces extension attribute name",
                            "url": "https://patch-diff.githubusercontent.com/raw/hybridauth/hybridauth/pull/841.patch"
                        }
                    ]
                }
            }
        },
        {
            "name": "michelf/php-markdown",
            "version": "1.7.0",
            "source": {
                "type": "git",
                "url": "https://github.com/michelf/php-markdown.git",
                "reference": "1f51cc520948f66cd2af8cbc45a5ee175e774220"
            },
            "dist": {
                "type": "zip",
                "url": "https://api.github.com/repos/michelf/php-markdown/zipball/1f51cc520948f66cd2af8cbc45a5ee175e774220",
                "reference": "1f51cc520948f66cd2af8cbc45a5ee175e774220",
                "shasum": ""
            },
            "require": {
                "php": ">=5.3.0"
            },
            "type": "library",
            "extra": {
                "branch-alias": {
                    "dev-lib": "1.4.x-dev"
                }
            },
            "autoload": {
                "psr-0": {
                    "Michelf": ""
                }
            },
            "notification-url": "https://packagist.org/downloads/",
            "license": [
                "BSD-3-Clause"
            ],
            "authors": [
                {
                    "name": "Michel Fortin",
                    "email": "michel.fortin@michelf.ca",
                    "homepage": "https://michelf.ca/",
                    "role": "Developer"
                },
                {
                    "name": "John Gruber",
                    "homepage": "https://daringfireball.net/"
                }
            ],
            "description": "PHP Markdown",
            "homepage": "https://michelf.ca/projects/php-markdown/",
            "keywords": [
                "markdown"
            ],
            "time": "2016-10-29T18:58:20+00:00"
        },
        {
            "name": "netresearch/composer-patches-plugin",
            "version": "1.2.1",
            "source": {
                "type": "git",
                "url": "https://github.com/netresearch/composer-patches-plugin.git",
                "reference": "3a3de792955eb7e6bad2b5e892b63a1f6d9be000"
            },
            "dist": {
                "type": "zip",
                "url": "https://api.github.com/repos/netresearch/composer-patches-plugin/zipball/3a3de792955eb7e6bad2b5e892b63a1f6d9be000",
                "reference": "3a3de792955eb7e6bad2b5e892b63a1f6d9be000",
                "shasum": ""
            },
            "require": {
                "composer-plugin-api": "^1.0"
            },
            "require-dev": {
                "composer/composer": "1.*"
            },
            "type": "composer-plugin",
            "extra": {
                "class": "Netresearch\\Composer\\Patches\\Plugin",
                "branch-alias": {
                    "dev-master": "1.2.x-dev"
                }
            },
            "autoload": {
                "psr-0": {
                    "": "src/"
                }
            },
            "notification-url": "https://packagist.org/downloads/",
            "license": [
                "GPL-2.0"
            ],
            "authors": [
                {
                    "name": "Christian Opitz",
                    "email": "christian.opitz@netresearch.de"
                }
            ],
            "description": "Composer patches plugin",
            "keywords": [
                "composer",
                "patches",
                "plugin"
            ],
            "time": "2016-01-06T11:59:02+00:00"
        },
        {
            "name": "pear/console_getopt",
            "version": "v1.4.1",
            "source": {
                "type": "git",
                "url": "https://github.com/pear/Console_Getopt.git",
                "reference": "82f05cd1aa3edf34e19aa7c8ca312ce13a6a577f"
            },
            "dist": {
                "type": "zip",
                "url": "https://api.github.com/repos/pear/Console_Getopt/zipball/82f05cd1aa3edf34e19aa7c8ca312ce13a6a577f",
                "reference": "82f05cd1aa3edf34e19aa7c8ca312ce13a6a577f",
                "shasum": ""
            },
            "type": "library",
            "autoload": {
                "psr-0": {
                    "Console": "./"
                }
            },
            "notification-url": "https://packagist.org/downloads/",
            "include-path": [
                "./"
            ],
            "license": [
                "BSD-2-Clause"
            ],
            "authors": [
                {
                    "name": "Greg Beaver",
                    "email": "cellog@php.net",
                    "role": "Helper"
                },
                {
                    "name": "Andrei Zmievski",
                    "email": "andrei@php.net",
                    "role": "Lead"
                },
                {
                    "name": "Stig Bakken",
                    "email": "stig@php.net",
                    "role": "Developer"
                }
            ],
            "description": "More info available on: http://pear.php.net/package/Console_Getopt",
            "time": "2015-07-20T20:28:12+00:00"
        },
        {
            "name": "pear/date_humandiff",
            "version": "v0.5.0",
            "source": {
                "type": "git",
                "url": "https://github.com/pear/Date_HumanDiff.git",
                "reference": "79a54479159ab19aedf2fc9437f1363eaa687d53"
            },
            "dist": {
                "type": "zip",
                "url": "https://api.github.com/repos/pear/Date_HumanDiff/zipball/79a54479159ab19aedf2fc9437f1363eaa687d53",
                "reference": "79a54479159ab19aedf2fc9437f1363eaa687d53",
                "shasum": ""
            },
            "require": {
                "pear/pear_exception": "*"
            },
            "require-dev": {
                "phpunit/phpunit": "*"
            },
            "type": "library",
            "autoload": {
                "classmap": [
                    "./"
                ]
            },
            "notification-url": "https://packagist.org/downloads/",
            "license": [
                "LGPL"
            ],
            "authors": [
                {
                    "name": "Christian Weiske",
                    "email": "cweiske@php.net",
                    "role": "Lead"
                }
            ],
            "description": "Generate textual time differences that are easily understandable by humans.",
            "time": "2014-03-23T12:03:00+00:00"
        },
        {
            "name": "pear/http2",
            "version": "v1.1.2",
            "source": {
                "type": "git",
                "url": "https://github.com/pear/HTTP2.git",
                "reference": "b87527415aa1439d5abc2c620a37f0047c3b1568"
            },
            "dist": {
                "type": "zip",
                "url": "https://api.github.com/repos/pear/HTTP2/zipball/b87527415aa1439d5abc2c620a37f0047c3b1568",
                "reference": "b87527415aa1439d5abc2c620a37f0047c3b1568",
                "shasum": ""
            },
            "require-dev": {
                "pear/pear-core": "*"
            },
            "type": "library",
            "autoload": {
                "psr-0": {
                    "HTTP2": "./"
                }
            },
            "notification-url": "https://packagist.org/downloads/",
            "include-path": [
                "./"
            ],
            "license": [
                "BSD-2-Clause"
            ],
            "authors": [
                {
                    "name": "Michael Wallner",
                    "email": "mike@php.net",
                    "role": "Lead"
                },
                {
                    "name": "Philippe Jausions",
                    "email": "jausions@php.net",
                    "role": "Lead"
                }
            ],
            "description": "Miscellaneous HTTP utilities",
            "homepage": "http://pear.php.net/package/HTTP2",
            "time": "2016-08-10T19:11:15+00:00"
        },
        {
            "name": "pear/http_request2",
            "version": "v2.3.0",
            "source": {
                "type": "git",
                "url": "https://github.com/pear/HTTP_Request2.git",
                "reference": "3599cf0fe455a4e281da464f6510bfc5c2ce54c4"
            },
            "dist": {
                "type": "zip",
                "url": "https://api.github.com/repos/pear/HTTP_Request2/zipball/3599cf0fe455a4e281da464f6510bfc5c2ce54c4",
                "reference": "3599cf0fe455a4e281da464f6510bfc5c2ce54c4",
                "shasum": ""
            },
            "require": {
                "pear/net_url2": "^2.2.0",
                "pear/pear_exception": "^1.0.0",
                "php": ">=5.2.0"
            },
            "suggest": {
                "ext-fileinfo": "Adds support for looking up mime-types using finfo.",
                "ext-zlib": "Allows handling gzip compressed responses.",
                "lib-curl": "Allows using cURL as a request backend.",
                "lib-openssl": "Allows handling SSL requests when not using cURL."
            },
            "type": "library",
            "extra": {
                "branch-alias": {
                    "dev-trunk": "2.2-dev"
                }
            },
            "autoload": {
                "psr-0": {
                    "HTTP_Request2": ""
                }
            },
            "notification-url": "https://packagist.org/downloads/",
            "include-path": [
                "./"
            ],
            "license": [
                "BSD-3-Clause"
            ],
            "authors": [
                {
                    "name": "Alexey Borzov",
                    "email": "avb@php.net"
                }
            ],
            "description": "Provides an easy way to perform HTTP requests.",
            "homepage": "http://pear.php.net/package/HTTP_Request2",
            "keywords": [
                "PEAR",
                "curl",
                "http",
                "request"
            ],
            "time": "2016-02-13T20:20:39+00:00"
        },
        {
            "name": "pear/mime_type",
            "version": "v1.4.1",
            "source": {
                "type": "git",
                "url": "https://github.com/pear/MIME_Type.git",
                "reference": "fcf331a1202dff64599342a6dee02bbe3ef145ac"
            },
            "dist": {
                "type": "zip",
                "url": "https://api.github.com/repos/pear/MIME_Type/zipball/fcf331a1202dff64599342a6dee02bbe3ef145ac",
                "reference": "fcf331a1202dff64599342a6dee02bbe3ef145ac",
                "shasum": ""
            },
            "require": {
                "pear/pear-core-minimal": "^1.9.5"
            },
            "require-dev": {
                "phpunit/phpunit": "*"
            },
            "suggest": {
                "pear/system_command": "Install optionally via your project's composer.json"
            },
            "type": "library",
            "autoload": {
                "psr-0": {
                    "MIME": "./"
                }
            },
            "notification-url": "https://packagist.org/downloads/",
            "include-path": [
                "./"
            ],
            "license": [
                "LGPL"
            ],
            "authors": [
                {
                    "name": "Ian Eure",
                    "email": "ieure@php.net",
                    "role": "Lead"
                },
                {
                    "name": "Christian Weiske",
                    "email": "cweiske@php.net",
                    "role": "Developer"
                }
            ],
            "description": "Detect the MIME Type of a file",
            "homepage": "http://pear.php.net/package/MIME_Type",
            "time": "2015-11-04T19:57:46+00:00"
        },
        {
            "name": "pear/net_url2",
            "version": "v2.2.1",
            "source": {
                "type": "git",
                "url": "https://github.com/pear/Net_URL2.git",
                "reference": "43a87606daf52efe6685c92131be083143108e37"
            },
            "dist": {
                "type": "zip",
                "url": "https://api.github.com/repos/pear/Net_URL2/zipball/43a87606daf52efe6685c92131be083143108e37",
                "reference": "43a87606daf52efe6685c92131be083143108e37",
                "shasum": ""
            },
            "require": {
                "php": ">=5.1.4"
            },
            "require-dev": {
                "phpunit/phpunit": ">=3.3.0"
            },
            "type": "library",
            "extra": {
                "branch-alias": {
                    "dev-master": "2.2.x-dev"
                }
            },
            "autoload": {
                "classmap": [
                    "Net/URL2.php"
                ]
            },
            "notification-url": "https://packagist.org/downloads/",
            "license": [
                "BSD-3-Clause"
            ],
            "authors": [
                {
                    "name": "David Coallier",
                    "email": "davidc@php.net"
                },
                {
                    "name": "Tom Klingenberg",
                    "email": "tkli@php.net"
                },
                {
                    "name": "Christian Schmidt",
                    "email": "chmidt@php.net"
                }
            ],
            "description": "Class for parsing and handling URL. Provides parsing of URLs into their constituent parts (scheme, host, path etc.), URL generation, and resolving of relative URLs.",
            "homepage": "https://github.com/pear/Net_URL2",
            "keywords": [
                "PEAR",
                "net",
                "networking",
                "rfc3986",
                "uri",
                "url"
            ],
            "time": "2016-04-18T22:24:01+00:00"
        },
        {
            "name": "pear/pager",
            "version": "dev-master",
            "source": {
                "type": "git",
                "url": "https://github.com/pear/Pager.git",
                "reference": "3bff4dc50102e9fb570e3f5665d4881c8ee34a3d"
            },
            "dist": {
                "type": "zip",
                "url": "https://api.github.com/repos/pear/Pager/zipball/3bff4dc50102e9fb570e3f5665d4881c8ee34a3d",
                "reference": "3bff4dc50102e9fb570e3f5665d4881c8ee34a3d",
                "shasum": ""
            },
            "require-dev": {
                "simpletest/simpletest": "~1.1"
            },
            "type": "library",
            "autoload": {
                "psr-0": {
                    "Pager": "./"
                }
            },
            "notification-url": "https://packagist.org/downloads/",
            "include-path": [
                "./"
            ],
            "license": [
                "BSD"
            ],
            "authors": [
                {
                    "name": "Lorenzo Alberton",
                    "email": "l.alberton@quipo.it",
                    "role": "Lead"
                },
                {
                    "name": "Richard Heyes",
                    "email": "richard@phpguru.org",
                    "role": "Lead"
                }
            ],
            "description": "Data paging class",
            "homepage": "http://pear.php.net/package/Pager",
            "time": "2015-02-20 12:25:58"
        },
        {
            "name": "pear/pear-core-minimal",
            "version": "v1.10.3",
            "source": {
                "type": "git",
                "url": "https://github.com/pear/pear-core-minimal.git",
                "reference": "070f0b600b2caca2501e2c9b7e553016e4b0d115"
            },
            "dist": {
                "type": "zip",
                "url": "https://api.github.com/repos/pear/pear-core-minimal/zipball/070f0b600b2caca2501e2c9b7e553016e4b0d115",
                "reference": "070f0b600b2caca2501e2c9b7e553016e4b0d115",
                "shasum": ""
            },
            "require": {
                "pear/console_getopt": "~1.4",
                "pear/pear_exception": "~1.0"
            },
            "replace": {
                "rsky/pear-core-min": "self.version"
            },
            "type": "library",
            "autoload": {
                "psr-0": {
                    "": "src/"
                }
            },
            "notification-url": "https://packagist.org/downloads/",
            "include-path": [
                "src/"
            ],
            "license": [
                "BSD-3-Clause"
            ],
            "authors": [
                {
                    "name": "Christian Weiske",
                    "email": "cweiske@php.net",
                    "role": "Lead"
                }
            ],
            "description": "Minimal set of PEAR core files to be used as composer dependency",
            "time": "2017-02-28T16:46:11+00:00"
        },
        {
            "name": "pear/pear_exception",
            "version": "v1.0.0",
            "source": {
                "type": "git",
                "url": "https://github.com/pear/PEAR_Exception.git",
                "reference": "8c18719fdae000b690e3912be401c76e406dd13b"
            },
            "dist": {
                "type": "zip",
                "url": "https://api.github.com/repos/pear/PEAR_Exception/zipball/8c18719fdae000b690e3912be401c76e406dd13b",
                "reference": "8c18719fdae000b690e3912be401c76e406dd13b",
                "shasum": ""
            },
            "require": {
                "php": ">=4.4.0"
            },
            "require-dev": {
                "phpunit/phpunit": "*"
            },
            "type": "class",
            "extra": {
                "branch-alias": {
                    "dev-master": "1.0.x-dev"
                }
            },
            "autoload": {
                "psr-0": {
                    "PEAR": ""
                }
            },
            "notification-url": "https://packagist.org/downloads/",
            "include-path": [
                "."
            ],
            "license": [
                "BSD-2-Clause"
            ],
            "authors": [
                {
                    "name": "Helgi Thormar",
                    "email": "dufuz@php.net"
                },
                {
                    "name": "Greg Beaver",
                    "email": "cellog@php.net"
                }
            ],
            "description": "The PEAR Exception base class.",
            "homepage": "https://github.com/pear/PEAR_Exception",
            "keywords": [
                "exception"
            ],
            "time": "2015-02-10T20:07:52+00:00"
        },
        {
            "name": "pear/versioncontrol_git",
            "version": "dev-master",
            "source": {
                "type": "git",
                "url": "https://github.com/pear/VersionControl_Git.git",
                "reference": "d2fd5c37a27541a4cea554d67cd39c73d7cb71fe"
            },
            "dist": {
                "type": "zip",
                "url": "https://api.github.com/repos/pear/VersionControl_Git/zipball/d2fd5c37a27541a4cea554d67cd39c73d7cb71fe",
                "reference": "d2fd5c37a27541a4cea554d67cd39c73d7cb71fe",
                "shasum": ""
            },
            "require": {
                "pear/pear-core-minimal": "^1.9",
                "pear/pear_exception": "*"
            },
            "require-dev": {
                "phpunit/phpunit": "*"
            },
            "type": "library",
            "autoload": {
                "psr-0": {
                    "VersionControl": "./"
                }
            },
            "notification-url": "https://packagist.org/downloads/",
            "include-path": [
                "./"
            ],
            "license": [
                "Apache License"
            ],
            "authors": [
                {
                    "name": "Kousuke Ebihara",
                    "email": "ebihara@php.net",
                    "role": "Lead"
                }
            ],
            "description": "VersionControl_Git is a library that provides OO interface to handle Git repository.",
            "time": "2015-11-04 13:03:54"
        },
        {
            "name": "pear2/services_linkback",
            "version": "v0.3.0",
            "source": {
                "type": "git",
                "url": "https://github.com/pear2/Services_Linkback.git",
                "reference": "afee0b32c171c999e20ac199361eb6df650f6483"
            },
            "dist": {
                "type": "zip",
                "url": "https://api.github.com/repos/pear2/Services_Linkback/zipball/afee0b32c171c999e20ac199361eb6df650f6483",
                "reference": "afee0b32c171c999e20ac199361eb6df650f6483",
                "shasum": ""
            },
            "require": {
                "pear/http2": "~1.1",
                "pear/http_request2": "~2.2",
                "pear/net_url2": "~2.2"
            },
            "require-dev": {
                "phpunit/phpunit": "*",
                "squizlabs/php_codesniffer": "~2.6"
            },
            "type": "library",
            "autoload": {
                "psr-0": {
                    "PEAR2\\Services\\Linkback\\": "src"
                }
            },
            "notification-url": "https://packagist.org/downloads/",
            "license": [
                "LGPL-3.0+"
            ],
            "authors": [
                {
                    "name": "Christian Weiske",
                    "email": "cweiske@php.net",
                    "homepage": "http://cweiske.de/"
                }
            ],
            "description": "Pingback+webmention client and server implementation ",
            "homepage": "http://pear2.php.net/PEAR2_Services_Linkback",
            "time": "2016-08-10T19:33:01+00:00"
        },
        {
            "name": "sunchaser/services-libravatar",
            "version": "0.2.3-patch1",
            "source": {
                "type": "git",
                "url": "https://github.com/sunchaserinfo/services_libravatar.git",
                "reference": "baadbb0d6f70916a29e3679d33b74e9ea5f2eaae"
            },
            "dist": {
                "type": "zip",
                "url": "https://api.github.com/repos/sunchaserinfo/services_libravatar/zipball/baadbb0d6f70916a29e3679d33b74e9ea5f2eaae",
                "reference": "baadbb0d6f70916a29e3679d33b74e9ea5f2eaae",
                "shasum": ""
            },
            "require": {
                "php": ">= 5.3"
            },
            "replace": {
                "pear-pear.php.net/services_libravatar": "0.2.3",
                "pear-pear/services_libravatar": "0.2.3"
            },
            "type": "library",
            "autoload": {
                "classmap": [
                    "Services"
                ]
            },
            "notification-url": "https://packagist.org/downloads/",
            "license": [
                "MIT"
            ],
            "authors": [
                {
                    "name": "Melissa Draper",
                    "email": "melissa@meldraweb.com"
                }
            ],
            "description": "PHP support for the Libravatar.org service",
            "keywords": [
                "avatar",
                "libravatar"
            ],
            "time": "2014-04-14T21:24:08+00:00"
        },
        {
            "name": "twig/twig",
            "version": "v1.34.3",
            "source": {
                "type": "git",
                "url": "https://github.com/twigphp/Twig.git",
                "reference": "451c6f4197e113e24c1c85bc3fc8c2d77adeff2e"
            },
            "dist": {
                "type": "zip",
                "url": "https://api.github.com/repos/twigphp/Twig/zipball/451c6f4197e113e24c1c85bc3fc8c2d77adeff2e",
                "reference": "451c6f4197e113e24c1c85bc3fc8c2d77adeff2e",
                "shasum": ""
            },
            "require": {
                "php": ">=5.3.3"
            },
            "require-dev": {
                "psr/container": "^1.0",
                "symfony/debug": "~2.7",
                "symfony/phpunit-bridge": "~3.3@dev"
            },
            "type": "library",
            "extra": {
                "branch-alias": {
                    "dev-master": "1.34-dev"
                }
            },
            "autoload": {
                "psr-0": {
                    "Twig_": "lib/"
                },
                "psr-4": {
                    "Twig\\": "src/"
                }
            },
            "notification-url": "https://packagist.org/downloads/",
            "license": [
                "BSD-3-Clause"
            ],
            "authors": [
                {
                    "name": "Fabien Potencier",
                    "email": "fabien@symfony.com",
                    "homepage": "http://fabien.potencier.org",
                    "role": "Lead Developer"
                },
                {
                    "name": "Armin Ronacher",
                    "email": "armin.ronacher@active-4.com",
                    "role": "Project Founder"
                },
                {
                    "name": "Twig Team",
                    "homepage": "http://twig.sensiolabs.org/contributors",
                    "role": "Contributors"
                }
            ],
            "description": "Twig, the flexible, fast, and secure template language for PHP",
            "homepage": "http://twig.sensiolabs.org",
            "keywords": [
                "templating"
            ],
            "time": "2017-06-07T18:45:17+00:00"
        }
    ],
    "packages-dev": [],
    "aliases": [],
    "minimum-stability": "dev",
    "stability-flags": {
        "pear/pager": 20,
        "pear/versioncontrol_git": 20,
        "geshi/geshi": 20
    },
    "prefer-stable": true,
    "prefer-lowest": false,
    "platform": [],
    "platform-dev": []
}
